// !$*UTF8*$!
{
	archiveVersion = 1;
	classes = {
	};
	objectVersion = 46;
	objects = {

/* Begin PBXBuildFile section */
		48A36D721A89AB2D00B1C708 /* SwiftForms.h in Headers */ = {isa = PBXBuildFile; fileRef = 48A36D711A89AB2D00B1C708 /* SwiftForms.h */; settings = {ATTRIBUTES = (Public, ); }; };
		48A36D9E1A89AB6900B1C708 /* FormBaseCell.swift in Sources */ = {isa = PBXBuildFile; fileRef = 48A36D8A1A89AB6900B1C708 /* FormBaseCell.swift */; };
		48A36D9F1A89AB6900B1C708 /* FormTitleCell.swift in Sources */ = {isa = PBXBuildFile; fileRef = 48A36D8B1A89AB6900B1C708 /* FormTitleCell.swift */; };
		48A36DA01A89AB6900B1C708 /* FormValueCell.swift in Sources */ = {isa = PBXBuildFile; fileRef = 48A36D8C1A89AB6900B1C708 /* FormValueCell.swift */; };
		48A36DA11A89AB6900B1C708 /* FormButtonCell.swift in Sources */ = {isa = PBXBuildFile; fileRef = 48A36D8D1A89AB6900B1C708 /* FormButtonCell.swift */; };
		48A36DA21A89AB6900B1C708 /* FormCheckCell.swift in Sources */ = {isa = PBXBuildFile; fileRef = 48A36D8E1A89AB6900B1C708 /* FormCheckCell.swift */; };
		48A36DA31A89AB6900B1C708 /* FormDateCell.swift in Sources */ = {isa = PBXBuildFile; fileRef = 48A36D8F1A89AB6900B1C708 /* FormDateCell.swift */; };
		48A36DA41A89AB6900B1C708 /* FormPickerCell.swift in Sources */ = {isa = PBXBuildFile; fileRef = 48A36D901A89AB6900B1C708 /* FormPickerCell.swift */; };
		48A36DA51A89AB6900B1C708 /* FormSegmentedControlCell.swift in Sources */ = {isa = PBXBuildFile; fileRef = 48A36D911A89AB6900B1C708 /* FormSegmentedControlCell.swift */; };
		48A36DA61A89AB6900B1C708 /* FormSelectorCell.swift in Sources */ = {isa = PBXBuildFile; fileRef = 48A36D921A89AB6900B1C708 /* FormSelectorCell.swift */; };
		48A36DA71A89AB6900B1C708 /* FormSwitchCell.swift in Sources */ = {isa = PBXBuildFile; fileRef = 48A36D931A89AB6900B1C708 /* FormSwitchCell.swift */; };
		48A36DA81A89AB6900B1C708 /* FormTextFieldCell.swift in Sources */ = {isa = PBXBuildFile; fileRef = 48A36D941A89AB6900B1C708 /* FormTextFieldCell.swift */; };
		48A36DA91A89AB6900B1C708 /* FormTextViewCell.swift in Sources */ = {isa = PBXBuildFile; fileRef = 48A36D951A89AB6900B1C708 /* FormTextViewCell.swift */; };
		48A36DAA1A89AB6900B1C708 /* FormOptionsSelectorController.swift in Sources */ = {isa = PBXBuildFile; fileRef = 48A36D971A89AB6900B1C708 /* FormOptionsSelectorController.swift */; };
		48A36DAB1A89AB6900B1C708 /* FormSelector.swift in Sources */ = {isa = PBXBuildFile; fileRef = 48A36D981A89AB6900B1C708 /* FormSelector.swift */; };
		48A36DAC1A89AB6900B1C708 /* FormViewController.swift in Sources */ = {isa = PBXBuildFile; fileRef = 48A36D991A89AB6900B1C708 /* FormViewController.swift */; };
		48A36DAD1A89AB6900B1C708 /* FormDescriptor.swift in Sources */ = {isa = PBXBuildFile; fileRef = 48A36D9B1A89AB6900B1C708 /* FormDescriptor.swift */; };
		48A36DAE1A89AB6900B1C708 /* FormRowDescriptor.swift in Sources */ = {isa = PBXBuildFile; fileRef = 48A36D9C1A89AB6900B1C708 /* FormRowDescriptor.swift */; };
		48A36DAF1A89AB6900B1C708 /* FormSectionDescriptor.swift in Sources */ = {isa = PBXBuildFile; fileRef = 48A36D9D1A89AB6900B1C708 /* FormSectionDescriptor.swift */; };
/* End PBXBuildFile section */

/* Begin PBXFileReference section */
		48A36D6C1A89AB2D00B1C708 /* SwiftForms.framework */ = {isa = PBXFileReference; explicitFileType = wrapper.framework; includeInIndex = 0; path = SwiftForms.framework; sourceTree = BUILT_PRODUCTS_DIR; };
		48A36D701A89AB2D00B1C708 /* Info.plist */ = {isa = PBXFileReference; lastKnownFileType = text.plist.xml; path = Info.plist; sourceTree = "<group>"; };
		48A36D711A89AB2D00B1C708 /* SwiftForms.h */ = {isa = PBXFileReference; lastKnownFileType = sourcecode.c.h; path = SwiftForms.h; sourceTree = "<group>"; };
		48A36D7D1A89AB2E00B1C708 /* Info.plist */ = {isa = PBXFileReference; lastKnownFileType = text.plist.xml; path = Info.plist; sourceTree = "<group>"; };
		48A36D7E1A89AB2E00B1C708 /* SwiftFormsTests.swift */ = {isa = PBXFileReference; lastKnownFileType = sourcecode.swift; path = SwiftFormsTests.swift; sourceTree = "<group>"; };
		48A36D8A1A89AB6900B1C708 /* FormBaseCell.swift */ = {isa = PBXFileReference; fileEncoding = 4; lastKnownFileType = sourcecode.swift; path = FormBaseCell.swift; sourceTree = "<group>"; };
		48A36D8B1A89AB6900B1C708 /* FormTitleCell.swift */ = {isa = PBXFileReference; fileEncoding = 4; lastKnownFileType = sourcecode.swift; path = FormTitleCell.swift; sourceTree = "<group>"; };
		48A36D8C1A89AB6900B1C708 /* FormValueCell.swift */ = {isa = PBXFileReference; fileEncoding = 4; lastKnownFileType = sourcecode.swift; path = FormValueCell.swift; sourceTree = "<group>"; };
		48A36D8D1A89AB6900B1C708 /* FormButtonCell.swift */ = {isa = PBXFileReference; fileEncoding = 4; lastKnownFileType = sourcecode.swift; path = FormButtonCell.swift; sourceTree = "<group>"; };
		48A36D8E1A89AB6900B1C708 /* FormCheckCell.swift */ = {isa = PBXFileReference; fileEncoding = 4; lastKnownFileType = sourcecode.swift; path = FormCheckCell.swift; sourceTree = "<group>"; };
		48A36D8F1A89AB6900B1C708 /* FormDateCell.swift */ = {isa = PBXFileReference; fileEncoding = 4; lastKnownFileType = sourcecode.swift; path = FormDateCell.swift; sourceTree = "<group>"; };
		48A36D901A89AB6900B1C708 /* FormPickerCell.swift */ = {isa = PBXFileReference; fileEncoding = 4; lastKnownFileType = sourcecode.swift; path = FormPickerCell.swift; sourceTree = "<group>"; };
		48A36D911A89AB6900B1C708 /* FormSegmentedControlCell.swift */ = {isa = PBXFileReference; fileEncoding = 4; lastKnownFileType = sourcecode.swift; path = FormSegmentedControlCell.swift; sourceTree = "<group>"; };
		48A36D921A89AB6900B1C708 /* FormSelectorCell.swift */ = {isa = PBXFileReference; fileEncoding = 4; lastKnownFileType = sourcecode.swift; path = FormSelectorCell.swift; sourceTree = "<group>"; };
		48A36D931A89AB6900B1C708 /* FormSwitchCell.swift */ = {isa = PBXFileReference; fileEncoding = 4; lastKnownFileType = sourcecode.swift; path = FormSwitchCell.swift; sourceTree = "<group>"; };
		48A36D941A89AB6900B1C708 /* FormTextFieldCell.swift */ = {isa = PBXFileReference; fileEncoding = 4; lastKnownFileType = sourcecode.swift; path = FormTextFieldCell.swift; sourceTree = "<group>"; };
		48A36D951A89AB6900B1C708 /* FormTextViewCell.swift */ = {isa = PBXFileReference; fileEncoding = 4; lastKnownFileType = sourcecode.swift; path = FormTextViewCell.swift; sourceTree = "<group>"; };
		48A36D971A89AB6900B1C708 /* FormOptionsSelectorController.swift */ = {isa = PBXFileReference; fileEncoding = 4; lastKnownFileType = sourcecode.swift; path = FormOptionsSelectorController.swift; sourceTree = "<group>"; };
		48A36D981A89AB6900B1C708 /* FormSelector.swift */ = {isa = PBXFileReference; fileEncoding = 4; lastKnownFileType = sourcecode.swift; path = FormSelector.swift; sourceTree = "<group>"; };
		48A36D991A89AB6900B1C708 /* FormViewController.swift */ = {isa = PBXFileReference; fileEncoding = 4; lastKnownFileType = sourcecode.swift; path = FormViewController.swift; sourceTree = "<group>"; };
		48A36D9B1A89AB6900B1C708 /* FormDescriptor.swift */ = {isa = PBXFileReference; fileEncoding = 4; lastKnownFileType = sourcecode.swift; path = FormDescriptor.swift; sourceTree = "<group>"; };
		48A36D9C1A89AB6900B1C708 /* FormRowDescriptor.swift */ = {isa = PBXFileReference; fileEncoding = 4; lastKnownFileType = sourcecode.swift; path = FormRowDescriptor.swift; sourceTree = "<group>"; };
		48A36D9D1A89AB6900B1C708 /* FormSectionDescriptor.swift */ = {isa = PBXFileReference; fileEncoding = 4; lastKnownFileType = sourcecode.swift; path = FormSectionDescriptor.swift; sourceTree = "<group>"; };
/* End PBXFileReference section */

/* Begin PBXFrameworksBuildPhase section */
		48A36D681A89AB2D00B1C708 /* Frameworks */ = {
			isa = PBXFrameworksBuildPhase;
			buildActionMask = 2147483647;
			files = (
			);
			runOnlyForDeploymentPostprocessing = 0;
		};
/* End PBXFrameworksBuildPhase section */

/* Begin PBXGroup section */
		48A36D621A89AB2D00B1C708 = {
			isa = PBXGroup;
			children = (
				48A36D6E1A89AB2D00B1C708 /* SwiftForms */,
				48A36D7B1A89AB2D00B1C708 /* SwiftFormsTests */,
				48A36D6D1A89AB2D00B1C708 /* Products */,
			);
			sourceTree = "<group>";
		};
		48A36D6D1A89AB2D00B1C708 /* Products */ = {
			isa = PBXGroup;
			children = (
				48A36D6C1A89AB2D00B1C708 /* SwiftForms.framework */,
			);
			name = Products;
			sourceTree = "<group>";
		};
		48A36D6E1A89AB2D00B1C708 /* SwiftForms */ = {
			isa = PBXGroup;
			children = (
				48A36D881A89AB6900B1C708 /* cells */,
				48A36D961A89AB6900B1C708 /* controllers */,
				48A36D9A1A89AB6900B1C708 /* descriptors */,
				48A36D711A89AB2D00B1C708 /* SwiftForms.h */,
				48A36D6F1A89AB2D00B1C708 /* Supporting Files */,
			);
			path = SwiftForms;
			sourceTree = "<group>";
		};
		48A36D6F1A89AB2D00B1C708 /* Supporting Files */ = {
			isa = PBXGroup;
			children = (
				48A36D701A89AB2D00B1C708 /* Info.plist */,
			);
			name = "Supporting Files";
			sourceTree = "<group>";
		};
		48A36D7B1A89AB2D00B1C708 /* SwiftFormsTests */ = {
			isa = PBXGroup;
			children = (
				48A36D7E1A89AB2E00B1C708 /* SwiftFormsTests.swift */,
				48A36D7C1A89AB2E00B1C708 /* Supporting Files */,
			);
			path = SwiftFormsTests;
			sourceTree = "<group>";
		};
		48A36D7C1A89AB2E00B1C708 /* Supporting Files */ = {
			isa = PBXGroup;
			children = (
				48A36D7D1A89AB2E00B1C708 /* Info.plist */,
			);
			name = "Supporting Files";
			sourceTree = "<group>";
		};
		48A36D881A89AB6900B1C708 /* cells */ = {
			isa = PBXGroup;
			children = (
				48A36D891A89AB6900B1C708 /* base */,
				48A36D8D1A89AB6900B1C708 /* FormButtonCell.swift */,
				48A36D8E1A89AB6900B1C708 /* FormCheckCell.swift */,
				48A36D8F1A89AB6900B1C708 /* FormDateCell.swift */,
				48A36D901A89AB6900B1C708 /* FormPickerCell.swift */,
				48A36D911A89AB6900B1C708 /* FormSegmentedControlCell.swift */,
				48A36D921A89AB6900B1C708 /* FormSelectorCell.swift */,
				48A36D931A89AB6900B1C708 /* FormSwitchCell.swift */,
				48A36D941A89AB6900B1C708 /* FormTextFieldCell.swift */,
				48A36D951A89AB6900B1C708 /* FormTextViewCell.swift */,
			);
			path = cells;
			sourceTree = "<group>";
		};
		48A36D891A89AB6900B1C708 /* base */ = {
			isa = PBXGroup;
			children = (
				48A36D8A1A89AB6900B1C708 /* FormBaseCell.swift */,
				48A36D8B1A89AB6900B1C708 /* FormTitleCell.swift */,
				48A36D8C1A89AB6900B1C708 /* FormValueCell.swift */,
			);
			path = base;
			sourceTree = "<group>";
		};
		48A36D961A89AB6900B1C708 /* controllers */ = {
			isa = PBXGroup;
			children = (
				48A36D971A89AB6900B1C708 /* FormOptionsSelectorController.swift */,
				48A36D981A89AB6900B1C708 /* FormSelector.swift */,
				48A36D991A89AB6900B1C708 /* FormViewController.swift */,
			);
			path = controllers;
			sourceTree = "<group>";
		};
		48A36D9A1A89AB6900B1C708 /* descriptors */ = {
			isa = PBXGroup;
			children = (
				48A36D9B1A89AB6900B1C708 /* FormDescriptor.swift */,
				48A36D9C1A89AB6900B1C708 /* FormRowDescriptor.swift */,
				48A36D9D1A89AB6900B1C708 /* FormSectionDescriptor.swift */,
			);
			path = descriptors;
			sourceTree = "<group>";
		};
/* End PBXGroup section */

/* Begin PBXHeadersBuildPhase section */
		48A36D691A89AB2D00B1C708 /* Headers */ = {
			isa = PBXHeadersBuildPhase;
			buildActionMask = 2147483647;
			files = (
				48A36D721A89AB2D00B1C708 /* SwiftForms.h in Headers */,
			);
			runOnlyForDeploymentPostprocessing = 0;
		};
/* End PBXHeadersBuildPhase section */

/* Begin PBXNativeTarget section */
		48A36D6B1A89AB2D00B1C708 /* SwiftForms */ = {
			isa = PBXNativeTarget;
			buildConfigurationList = 48A36D821A89AB2E00B1C708 /* Build configuration list for PBXNativeTarget "SwiftForms" */;
			buildPhases = (
				48A36D671A89AB2D00B1C708 /* Sources */,
				48A36D681A89AB2D00B1C708 /* Frameworks */,
				48A36D691A89AB2D00B1C708 /* Headers */,
				48A36D6A1A89AB2D00B1C708 /* Resources */,
			);
			buildRules = (
			);
			dependencies = (
			);
			name = SwiftForms;
			productName = SwiftForms;
			productReference = 48A36D6C1A89AB2D00B1C708 /* SwiftForms.framework */;
			productType = "com.apple.product-type.framework";
		};
/* End PBXNativeTarget section */

/* Begin PBXProject section */
		48A36D631A89AB2D00B1C708 /* Project object */ = {
			isa = PBXProject;
			attributes = {
				LastUpgradeCheck = 0610;
				ORGANIZATIONNAME = "Brandon Smith";
				TargetAttributes = {
					48A36D6B1A89AB2D00B1C708 = {
						CreatedOnToolsVersion = 6.1.1;
					};
				};
			};
			buildConfigurationList = 48A36D661A89AB2D00B1C708 /* Build configuration list for PBXProject "SwiftForms" */;
			compatibilityVersion = "Xcode 3.2";
			developmentRegion = English;
			hasScannedForEncodings = 0;
			knownRegions = (
				en,
			);
			mainGroup = 48A36D621A89AB2D00B1C708;
			productRefGroup = 48A36D6D1A89AB2D00B1C708 /* Products */;
			projectDirPath = "";
			projectRoot = "";
			targets = (
				48A36D6B1A89AB2D00B1C708 /* SwiftForms */,
			);
		};
/* End PBXProject section */

/* Begin PBXResourcesBuildPhase section */
		48A36D6A1A89AB2D00B1C708 /* Resources */ = {
			isa = PBXResourcesBuildPhase;
			buildActionMask = 2147483647;
			files = (
			);
			runOnlyForDeploymentPostprocessing = 0;
		};
/* End PBXResourcesBuildPhase section */

/* Begin PBXSourcesBuildPhase section */
		48A36D671A89AB2D00B1C708 /* Sources */ = {
			isa = PBXSourcesBuildPhase;
			buildActionMask = 2147483647;
			files = (
				48A36DA21A89AB6900B1C708 /* FormCheckCell.swift in Sources */,
				48A36DA91A89AB6900B1C708 /* FormTextViewCell.swift in Sources */,
				48A36DAD1A89AB6900B1C708 /* FormDescriptor.swift in Sources */,
				48A36DA81A89AB6900B1C708 /* FormTextFieldCell.swift in Sources */,
				48A36DAC1A89AB6900B1C708 /* FormViewController.swift in Sources */,
				48A36D9F1A89AB6900B1C708 /* FormTitleCell.swift in Sources */,
				48A36DAF1A89AB6900B1C708 /* FormSectionDescriptor.swift in Sources */,
				48A36DAE1A89AB6900B1C708 /* FormRowDescriptor.swift in Sources */,
				48A36DAB1A89AB6900B1C708 /* FormSelector.swift in Sources */,
				48A36DA51A89AB6900B1C708 /* FormSegmentedControlCell.swift in Sources */,
				48A36D9E1A89AB6900B1C708 /* FormBaseCell.swift in Sources */,
				48A36DA01A89AB6900B1C708 /* FormValueCell.swift in Sources */,
				48A36DA41A89AB6900B1C708 /* FormPickerCell.swift in Sources */,
				48A36DAA1A89AB6900B1C708 /* FormOptionsSelectorController.swift in Sources */,
				48A36DA61A89AB6900B1C708 /* FormSelectorCell.swift in Sources */,
				48A36DA11A89AB6900B1C708 /* FormButtonCell.swift in Sources */,
				48A36DA31A89AB6900B1C708 /* FormDateCell.swift in Sources */,
				48A36DA71A89AB6900B1C708 /* FormSwitchCell.swift in Sources */,
			);
			runOnlyForDeploymentPostprocessing = 0;
		};
/* End PBXSourcesBuildPhase section */

/* Begin XCBuildConfiguration section */
		48A36D801A89AB2E00B1C708 /* Debug */ = {
			isa = XCBuildConfiguration;
			buildSettings = {
				ALWAYS_SEARCH_USER_PATHS = NO;
				CLANG_CXX_LANGUAGE_STANDARD = "gnu++0x";
				CLANG_CXX_LIBRARY = "libc++";
				CLANG_ENABLE_MODULES = YES;
				CLANG_ENABLE_OBJC_ARC = YES;
				CLANG_WARN_BOOL_CONVERSION = YES;
				CLANG_WARN_CONSTANT_CONVERSION = YES;
				CLANG_WARN_DIRECT_OBJC_ISA_USAGE = YES_ERROR;
				CLANG_WARN_EMPTY_BODY = YES;
				CLANG_WARN_ENUM_CONVERSION = YES;
				CLANG_WARN_INT_CONVERSION = YES;
				CLANG_WARN_OBJC_ROOT_CLASS = YES_ERROR;
				CLANG_WARN_UNREACHABLE_CODE = YES;
				CLANG_WARN__DUPLICATE_METHOD_MATCH = YES;
				CODE_SIGN_IDENTITY = "iPhone Developer";
				"CODE_SIGN_IDENTITY[sdk=iphoneos*]" = "iPhone Developer";
				COPY_PHASE_STRIP = NO;
				CURRENT_PROJECT_VERSION = 1;
				ENABLE_STRICT_OBJC_MSGSEND = YES;
				GCC_C_LANGUAGE_STANDARD = gnu99;
				GCC_DYNAMIC_NO_PIC = NO;
				GCC_OPTIMIZATION_LEVEL = 0;
				GCC_PREPROCESSOR_DEFINITIONS = (
					"DEBUG=1",
					"$(inherited)",
				);
				GCC_SYMBOLS_PRIVATE_EXTERN = NO;
				GCC_WARN_64_TO_32_BIT_CONVERSION = YES;
				GCC_WARN_ABOUT_RETURN_TYPE = YES_ERROR;
				GCC_WARN_UNDECLARED_SELECTOR = YES;
				GCC_WARN_UNINITIALIZED_AUTOS = YES_AGGRESSIVE;
				GCC_WARN_UNUSED_FUNCTION = YES;
				GCC_WARN_UNUSED_VARIABLE = YES;
				IPHONEOS_DEPLOYMENT_TARGET = 8.1;
				MTL_ENABLE_DEBUG_INFO = YES;
				ONLY_ACTIVE_ARCH = YES;
				SDKROOT = iphoneos;
				SWIFT_OPTIMIZATION_LEVEL = "-Onone";
				TARGETED_DEVICE_FAMILY = "1,2";
				VERSIONING_SYSTEM = "apple-generic";
				VERSION_INFO_PREFIX = "";
			};
			name = Debug;
		};
		48A36D811A89AB2E00B1C708 /* Release */ = {
			isa = XCBuildConfiguration;
			buildSettings = {
				ALWAYS_SEARCH_USER_PATHS = NO;
				CLANG_CXX_LANGUAGE_STANDARD = "gnu++0x";
				CLANG_CXX_LIBRARY = "libc++";
				CLANG_ENABLE_MODULES = YES;
				CLANG_ENABLE_OBJC_ARC = YES;
				CLANG_WARN_BOOL_CONVERSION = YES;
				CLANG_WARN_CONSTANT_CONVERSION = YES;
				CLANG_WARN_DIRECT_OBJC_ISA_USAGE = YES_ERROR;
				CLANG_WARN_EMPTY_BODY = YES;
				CLANG_WARN_ENUM_CONVERSION = YES;
				CLANG_WARN_INT_CONVERSION = YES;
				CLANG_WARN_OBJC_ROOT_CLASS = YES_ERROR;
				CLANG_WARN_UNREACHABLE_CODE = YES;
				CLANG_WARN__DUPLICATE_METHOD_MATCH = YES;
				CODE_SIGN_IDENTITY = "iPhone Developer";
				"CODE_SIGN_IDENTITY[sdk=iphoneos*]" = "iPhone Developer";
				COPY_PHASE_STRIP = YES;
				CURRENT_PROJECT_VERSION = 1;
				ENABLE_NS_ASSERTIONS = NO;
				ENABLE_STRICT_OBJC_MSGSEND = YES;
				GCC_C_LANGUAGE_STANDARD = gnu99;
				GCC_WARN_64_TO_32_BIT_CONVERSION = YES;
				GCC_WARN_ABOUT_RETURN_TYPE = YES_ERROR;
				GCC_WARN_UNDECLARED_SELECTOR = YES;
				GCC_WARN_UNINITIALIZED_AUTOS = YES_AGGRESSIVE;
				GCC_WARN_UNUSED_FUNCTION = YES;
				GCC_WARN_UNUSED_VARIABLE = YES;
				IPHONEOS_DEPLOYMENT_TARGET = 8.1;
				MTL_ENABLE_DEBUG_INFO = NO;
				SDKROOT = iphoneos;
				TARGETED_DEVICE_FAMILY = "1,2";
				VALIDATE_PRODUCT = YES;
				VERSIONING_SYSTEM = "apple-generic";
				VERSION_INFO_PREFIX = "";
			};
			name = Release;
		};
		48A36D831A89AB2E00B1C708 /* Debug */ = {
			isa = XCBuildConfiguration;
			buildSettings = {
				CODE_SIGN_IDENTITY = "iPhone Developer";
				DEFINES_MODULE = YES;
				DYLIB_COMPATIBILITY_VERSION = 1;
				DYLIB_CURRENT_VERSION = 1;
				DYLIB_INSTALL_NAME_BASE = "@rpath";
				INFOPLIST_FILE = SwiftForms/Info.plist;
				INSTALL_PATH = "$(LOCAL_LIBRARY_DIR)/Frameworks";
				IPHONEOS_DEPLOYMENT_TARGET = 8.1;
				LD_RUNPATH_SEARCH_PATHS = "$(inherited) @executable_path/Frameworks @loader_path/Frameworks";
				PRODUCT_NAME = "$(TARGET_NAME)";
				SKIP_INSTALL = YES;
			};
			name = Debug;
		};
		48A36D841A89AB2E00B1C708 /* Release */ = {
			isa = XCBuildConfiguration;
			buildSettings = {
				CODE_SIGN_IDENTITY = "iPhone Developer";
				DEFINES_MODULE = YES;
				DYLIB_COMPATIBILITY_VERSION = 1;
				DYLIB_CURRENT_VERSION = 1;
				DYLIB_INSTALL_NAME_BASE = "@rpath";
				INFOPLIST_FILE = SwiftForms/Info.plist;
				INSTALL_PATH = "$(LOCAL_LIBRARY_DIR)/Frameworks";
				IPHONEOS_DEPLOYMENT_TARGET = 8.1;
				LD_RUNPATH_SEARCH_PATHS = "$(inherited) @executable_path/Frameworks @loader_path/Frameworks";
				PRODUCT_NAME = "$(TARGET_NAME)";
				SKIP_INSTALL = YES;
			};
			name = Release;
		};
/* End XCBuildConfiguration section */

/* Begin XCConfigurationList section */
		48A36D661A89AB2D00B1C708 /* Build configuration list for PBXProject "SwiftForms" */ = {
			isa = XCConfigurationList;
			buildConfigurations = (
				48A36D801A89AB2E00B1C708 /* Debug */,
				48A36D811A89AB2E00B1C708 /* Release */,
			);
			defaultConfigurationIsVisible = 0;
			defaultConfigurationName = Release;
		};
		48A36D821A89AB2E00B1C708 /* Build configuration list for PBXNativeTarget "SwiftForms" */ = {
			isa = XCConfigurationList;
			buildConfigurations = (
				48A36D831A89AB2E00B1C708 /* Debug */,
				48A36D841A89AB2E00B1C708 /* Release */,
			);
			defaultConfigurationIsVisible = 0;
			defaultConfigurationName = Release;
		};
/* End XCConfigurationList section */
	};
	rootObject = 48A36D631A89AB2D00B1C708 /* Project object */;
}
